{
  "lockfileVersion": 1,
  "configVersion": 1,
  "workspaces": {
    "": {
      "name": "herd",
      "devDependencies": {
        "typebox": "^1.3.10",
      },
      "peerDependencies": {
        "typebox": "*",
      },
    },
  },
  "packages": {
    "typebox": ["typebox@1.3.10", "", {}, "sha512-L0MT00X96q0P30f1NrGULgaSbmu8hfTjWbLULeVoM+j5u0jR5wyefoDquX2NmRa39f0KiNIBo1wWSaVvHJTZlA=="],
  }
}
